
Microsoft Visual Studio Solution File, Format Version 12.00
# Visual Studio 15
VisualStudioVersion = 15.0.28010.2003
MinimumVisualStudioVersion = 10.0.40219.1
Project("{6EC3EE1D-3C4E-46DD-8F32-0CC8E7565705}") = "FAStar", "FAStar\FAStar.fsproj", "{2BE65F24-04D1-4569-91BB-258F7FBF8C6F}"
EndProject
Project("{6EC3EE1D-3C4E-46DD-8F32-0CC8E7565705}") = "FAStarInteractiveTest", "FAStarInteractiveTest\FAStarInteractiveTest.fsproj", "{19382A71-4C43-4BE5-B565-D593E78B4E55}"
EndProject
Project("{6EC3EE1D-3C4E-46DD-8F32-0CC8E7565705}") = "SimpleWorld", "SimpleWorld\SimpleWorld.fsproj", "{C6AAC8D7-C086-4A05-88C1-F549A616603B}"
EndProject
Project("{6EC3EE1D-3C4E-46DD-8F32-0CC8E7565705}") = "FAStarTestExport", "FAStarTestExport\FAStarTestExport.fsproj", "{76E8D838-8777-4FE5-B4FE-3AAE64450CE9}"
EndProject
Global
	GlobalSection(Performance) = preSolution
		HasPerformanceSessions = true
	EndGlobalSection
	GlobalSection(SolutionConfigurationPlatforms) = preSolution
		Debug|Any CPU = Debug|Any CPU
		Release|Any CPU = Release|Any CPU
	EndGlobalSection
	GlobalSection(ProjectConfigurationPlatforms) = postSolution
		{2BE65F24-04D1-4569-91BB-258F7FBF8C6F}.Debug|Any CPU.ActiveCfg = Debug|Any CPU
		{2BE65F24-04D1-4569-91BB-258F7FBF8C6F}.Debug|Any CPU.Build.0 = Debug|Any CPU
		{2BE65F24-04D1-4569-91BB-258F7FBF8C6F}.Release|Any CPU.ActiveCfg = Release|Any CPU
		{2BE65F24-04D1-4569-91BB-258F7FBF8C6F}.Release|Any CPU.Build.0 = Release|Any CPU
		{19382A71-4C43-4BE5-B565-D593E78B4E55}.Debug|Any CPU.ActiveCfg = Debug|Any CPU
		{19382A71-4C43-4BE5-B565-D593E78B4E55}.Debug|Any CPU.Build.0 = Debug|Any CPU
		{19382A71-4C43-4BE5-B565-D593E78B4E55}.Release|Any CPU.ActiveCfg = Release|Any CPU
		{19382A71-4C43-4BE5-B565-D593E78B4E55}.Release|Any CPU.Build.0 = Release|Any CPU
		{C6AAC8D7-C086-4A05-88C1-F549A616603B}.Debug|Any CPU.ActiveCfg = Debug|Any CPU
		{C6AAC8D7-C086-4A05-88C1-F549A616603B}.Debug|Any CPU.Build.0 = Debug|Any CPU
		{C6AAC8D7-C086-4A05-88C1-F549A616603B}.Release|Any CPU.ActiveCfg = Release|Any CPU
		{C6AAC8D7-C086-4A05-88C1-F549A616603B}.Release|Any CPU.Build.0 = Release|Any CPU
		{76E8D838-8777-4FE5-B4FE-3AAE64450CE9}.Debug|Any CPU.ActiveCfg = Debug|Any CPU
		{76E8D838-8777-4FE5-B4FE-3AAE64450CE9}.Debug|Any CPU.Build.0 = Debug|Any CPU
		{76E8D838-8777-4FE5-B4FE-3AAE64450CE9}.Release|Any CPU.ActiveCfg = Release|Any CPU
		{76E8D838-8777-4FE5-B4FE-3AAE64450CE9}.Release|Any CPU.Build.0 = Release|Any CPU
	EndGlobalSection
	GlobalSection(SolutionProperties) = preSolution
		HideSolutionNode = FALSE
	EndGlobalSection
	GlobalSection(ExtensibilityGlobals) = postSolution
		SolutionGuid = {66C7E18F-81A9-4ACC-9254-5EF14873F698}
	EndGlobalSection
	GlobalSection(Performance) = preSolution
		HasPerformanceSessions = true
	EndGlobalSection
EndGlobal
